# Auto-generated by wasm-hash-lock.yml
# Do NOT edit manually — run CI to regenerate
# format: key = "sha256-hash"
#
# Tier legend:
#   sr = Super Rare
#   c  = Common
#   r  = Rare
#
# Generated: Phase η initial bootstrap
# All entries are "pending-ci-generation" until the first CI run populates them.

# ── Super Rare (sr/) ──────────────────────────────────────────
sr_kate_claudia = "pending-ci-generation"
sr_layla = "pending-ci-generation"
sr_ronan_arthur = "pending-ci-generation"
sr_diana = "pending-ci-generation"
sr_jen = "pending-ci-generation"
sr_mina = "pending-ci-generation"

# ── Common (c/) ───────────────────────────────────────────────
c_katarina = "pending-ci-generation"
c_vivietta = "pending-ci-generation"

# ── Rare (r/) ─────────────────────────────────────────────────
r_sebastian = "pending-ci-generation"
r_gentaro = "pending-ci-generation"
r_izumi = "pending-ci-generation"
